
Microsoft Visual Studio Solution File, Format Version 12.00
# Visual Studio Version 16
VisualStudioVersion = 16.0.31402.337
MinimumVisualStudioVersion = 10.0.40219.1
Project("{8BC9CEB8-8B4A-11D0-8D11-00A0C91BC942}") = "SAMUEL", "SAMUEL.vcxproj", "{07BE9CED-BE48-4303-BD4B-CAB50CD4CE1C}"
EndProject
Global
	GlobalSection(SolutionConfigurationPlatforms) = preSolution
		Debug|x64 = Debug|x64
		Debug|x86 = Debug|x86
		Release|x64 = Release|x64
		Release|x86 = Release|x86
	EndGlobalSection
	GlobalSection(ProjectConfigurationPlatforms) = postSolution
		{07BE9CED-BE48-4303-BD4B-CAB50CD4CE1C}.Debug|x64.ActiveCfg = Debug|x64
		{07BE9CED-BE48-4303-BD4B-CAB50CD4CE1C}.Debug|x64.Build.0 = Debug|x64
		{07BE9CED-BE48-4303-BD4B-CAB50CD4CE1C}.Debug|x86.ActiveCfg = Debug|Win32
		{07BE9CED-BE48-4303-BD4B-CAB50CD4CE1C}.Debug|x86.Build.0 = Debug|Win32
		{07BE9CED-BE48-4303-BD4B-CAB50CD4CE1C}.Release|x64.ActiveCfg = Release|x64
		{07BE9CED-BE48-4303-BD4B-CAB50CD4CE1C}.Release|x64.Build.0 = Release|x64
		{07BE9CED-BE48-4303-BD4B-CAB50CD4CE1C}.Release|x86.ActiveCfg = Release|Win32
		{07BE9CED-BE48-4303-BD4B-CAB50CD4CE1C}.Release|x86.Build.0 = Release|Win32
	EndGlobalSection
	GlobalSection(SolutionProperties) = preSolution
		HideSolutionNode = FALSE
	EndGlobalSection
	GlobalSection(ExtensibilityGlobals) = postSolution
		SolutionGuid = {8A8A0815-A3F4-4217-B22C-91AAD15D8FDD}
	EndGlobalSection
EndGlobal
