<?xml version="1.0" encoding="utf-8"?>
<Project ToolsVersion="4.0" xmlns="http://schemas.microsoft.com/developer/msbuild/2003">
  <ItemGroup>
    <Filter Include="Source Files">
      <UniqueIdentifier>{4FC737F1-C7A5-4376-A066-2A32D752A2FF}</UniqueIdentifier>
      <Extensions>cpp;c;cc;cxx;c++;cppm;ixx;def;odl;idl;hpj;bat;asm;asmx</Extensions>
    </Filter>
    <Filter Include="Header Files">
      <UniqueIdentifier>{93995380-89BD-4b04-88EB-625FBE52EBFB}</UniqueIdentifier>
      <Extensions>h;hh;hpp;hxx;h++;hm;inl;inc;ipp;xsd</Extensions>
    </Filter>
  </ItemGroup>
  <ItemGroup>
    <ClCompile Include="source\PackageMapSpec.cpp">
      <Filter>Source Files</Filter>
    </ClCompile>
    <ClCompile Include="source\jsonxx\jsonxx.cc">
      <Filter>Source Files</Filter>
    </ClCompile>
    <ClCompile Include="source\SAMUEL.cpp">
      <Filter>Source Files</Filter>
    </ClCompile>
    <ClCompile Include="source\ResourceFile.cpp">
      <Filter>Source Files</Filter>
    </ClCompile>
    <ClCompile Include="source\StreamdbFile.cpp">
      <Filter>Source Files</Filter>
    </ClCompile>
    <ClCompile Include="source\Utilities.cpp">
      <Filter>Source Files</Filter>
    </ClCompile>
  </ItemGroup>
  <ItemGroup>
    <ClInclude Include="source\PackageMapSpec.h">
      <Filter>Header Files</Filter>
    </ClInclude>
    <ClInclude Include="source\jsonxx\jsonxx.h">
      <Filter>Header Files</Filter>
    </ClInclude>
    <ClInclude Include="source\SAMUEL.h">
      <Filter>Header Files</Filter>
    </ClInclude>
    <ClInclude Include="source\ResourceFile.h">
      <Filter>Header Files</Filter>
    </ClInclude>
    <ClInclude Include="source\StreamdbFile.h">
      <Filter>Header Files</Filter>
    </ClInclude>
    <ClInclude Include="source\Utilities.h">
      <Filter>Header Files</Filter>
    </ClInclude>
  </ItemGroup>
</Project>